
Microsoft Visual Studio Solution File, Format Version 12.00
# Visual Studio Version 16
VisualStudioVersion = 16.0.29020.237
MinimumVisualStudioVersion = 10.0.40219.1
Project("{2150E333-8FDC-42A3-9474-1A3956D46DE8}") = "src", "src", "{E9B9C81C-38DE-40C3-AD3C-511889033DF0}"
EndProject
Project("{2150E333-8FDC-42A3-9474-1A3956D46DE8}") = "BuildingBlocks", "BuildingBlocks", "{BE3D56FC-49BD-4429-9BB3-AE8194C7F4D4}"
EndProject
Project("{2150E333-8FDC-42A3-9474-1A3956D46DE8}") = "EventBus", "EventBus", "{FF5E50C2-0F31-4958-9D2F-9F2E60642962}"
EndProject
Project("{9A19103F-16F7-4668-BE54-9A1E7A4F7556}") = "EventBus", "src\BuildingBlocks\EventBus\EventBus\EventBus.csproj", "{D14B7362-A9B1-4BC4-9D54-97D44668A5AE}"
EndProject
Project("{2150E333-8FDC-42A3-9474-1A3956D46DE8}") = "test", "test", "{0148A64A-FB17-4379-9142-D8D445AEE3DF}"
EndProject
Project("{FAE04EC0-301F-11D3-BF4B-00C04F79EFBC}") = "CommandBus", "src\BuildingBlocks\EventBus\CommandBus\CommandBus.csproj", "{BBDFA915-CEFD-46E2-97E8-7F0CC0116F91}"
EndProject
Project("{FAE04EC0-301F-11D3-BF4B-00C04F79EFBC}") = "EventBusRabbitMQ", "src\BuildingBlocks\EventBus\EventBusRabbitMQ\EventBusRabbitMQ.csproj", "{B8869C44-90F0-4098-B0F8-ABA81034986C}"
EndProject
Project("{FAE04EC0-301F-11D3-BF4B-00C04F79EFBC}") = "EventBusServiceBus", "src\BuildingBlocks\EventBus\EventBusServiceBus\EventBusServiceBus.csproj", "{4973F13A-E89B-4F40-87CC-E3684B9BB7F8}"
EndProject
Project("{FAE04EC0-301F-11D3-BF4B-00C04F79EFBC}") = "IntegrationEventLogEF", "src\BuildingBlocks\EventBus\IntegrationEventLogEF\IntegrationEventLogEF.csproj", "{3076E7C2-0B51-408C-8EEB-9B34D2D381D9}"
EndProject
Project("{2150E333-8FDC-42A3-9474-1A3956D46DE8}") = "Services", "Services", "{5E3E5610-A2D8-11E9-B192-BF893AD5538B}"
EndProject
Project("{2150E333-8FDC-42A3-9474-1A3956D46DE8}") = "Users", "Users", "{6354D390-A2D8-11E9-B192-BF893AD5538B}"
EndProject
Project("{2150E333-8FDC-42A3-9474-1A3956D46DE8}") = "4.6.0", "4.6.0", "{8A324580-89C0-42F9-9B95-8B6840A571EA}"
EndProject
Project("{2150E333-8FDC-42A3-9474-1A3956D46DE8}") = "aspnet-core", "aspnet-core", "{90FE5E93-B106-40DE-84AE-97A36BDB2AD9}"
EndProject
Project("{2150E333-8FDC-42A3-9474-1A3956D46DE8}") = "src", "src", "{AC87FF9F-8B98-4506-BCE7-473868077527}"
EndProject
Project("{FAE04EC0-301F-11D3-BF4B-00C04F79EFBC}") = "OpenPOS.Users.Core", "src\Services\Users\4.6.0\aspnet-core\src\OpenPOS.Users.Core\OpenPOS.Users.Core.csproj", "{1521AB4A-AE42-4A64-BE05-D1D3220ED0DF}"
EndProject
Project("{FAE04EC0-301F-11D3-BF4B-00C04F79EFBC}") = "OpenPOS.Users.Application", "src\Services\Users\4.6.0\aspnet-core\src\OpenPOS.Users.Application\OpenPOS.Users.Application.csproj", "{D7FD28DF-4518-4B45-BF5E-9249761834D1}"
EndProject
Project("{FAE04EC0-301F-11D3-BF4B-00C04F79EFBC}") = "OpenPOS.Users.EntityFrameworkCore", "src\Services\Users\4.6.0\aspnet-core\src\OpenPOS.Users.EntityFrameworkCore\OpenPOS.Users.EntityFrameworkCore.csproj", "{2EED4CBF-259A-4078-BD07-CA19C94D3BD2}"
EndProject
Project("{FAE04EC0-301F-11D3-BF4B-00C04F79EFBC}") = "OpenPOS.Users.Web.Core", "src\Services\Users\4.6.0\aspnet-core\src\OpenPOS.Users.Web.Core\OpenPOS.Users.Web.Core.csproj", "{3E40DAB9-DED8-4C87-9E99-FBE2953896D9}"
EndProject
Project("{FAE04EC0-301F-11D3-BF4B-00C04F79EFBC}") = "OpenPOS.Users.Web.Host", "src\Services\Users\4.6.0\aspnet-core\src\OpenPOS.Users.Web.Host\OpenPOS.Users.Web.Host.csproj", "{AC8CFED2-BDAD-4D24-91FD-249D801AFF7D}"
EndProject
Project("{FAE04EC0-301F-11D3-BF4B-00C04F79EFBC}") = "OpenPOS.Users.Migrator", "src\Services\Users\4.6.0\aspnet-core\src\OpenPOS.Users.Migrator\OpenPOS.Users.Migrator.csproj", "{2AD9F12F-169F-41A5-86FD-A2A9899F352A}"
EndProject
Global
	GlobalSection(SolutionConfigurationPlatforms) = preSolution
		Debug|Any CPU = Debug|Any CPU
		Release|Any CPU = Release|Any CPU
	EndGlobalSection
	GlobalSection(ProjectConfigurationPlatforms) = postSolution
		{D14B7362-A9B1-4BC4-9D54-97D44668A5AE}.Debug|Any CPU.ActiveCfg = Debug|Any CPU
		{D14B7362-A9B1-4BC4-9D54-97D44668A5AE}.Debug|Any CPU.Build.0 = Debug|Any CPU
		{D14B7362-A9B1-4BC4-9D54-97D44668A5AE}.Release|Any CPU.ActiveCfg = Release|Any CPU
		{D14B7362-A9B1-4BC4-9D54-97D44668A5AE}.Release|Any CPU.Build.0 = Release|Any CPU
		{BBDFA915-CEFD-46E2-97E8-7F0CC0116F91}.Debug|Any CPU.ActiveCfg = Debug|Any CPU
		{BBDFA915-CEFD-46E2-97E8-7F0CC0116F91}.Debug|Any CPU.Build.0 = Debug|Any CPU
		{BBDFA915-CEFD-46E2-97E8-7F0CC0116F91}.Release|Any CPU.ActiveCfg = Release|Any CPU
		{BBDFA915-CEFD-46E2-97E8-7F0CC0116F91}.Release|Any CPU.Build.0 = Release|Any CPU
		{B8869C44-90F0-4098-B0F8-ABA81034986C}.Debug|Any CPU.ActiveCfg = Debug|Any CPU
		{B8869C44-90F0-4098-B0F8-ABA81034986C}.Debug|Any CPU.Build.0 = Debug|Any CPU
		{B8869C44-90F0-4098-B0F8-ABA81034986C}.Release|Any CPU.ActiveCfg = Release|Any CPU
		{B8869C44-90F0-4098-B0F8-ABA81034986C}.Release|Any CPU.Build.0 = Release|Any CPU
		{4973F13A-E89B-4F40-87CC-E3684B9BB7F8}.Debug|Any CPU.ActiveCfg = Debug|Any CPU
		{4973F13A-E89B-4F40-87CC-E3684B9BB7F8}.Debug|Any CPU.Build.0 = Debug|Any CPU
		{4973F13A-E89B-4F40-87CC-E3684B9BB7F8}.Release|Any CPU.ActiveCfg = Release|Any CPU
		{4973F13A-E89B-4F40-87CC-E3684B9BB7F8}.Release|Any CPU.Build.0 = Release|Any CPU
		{3076E7C2-0B51-408C-8EEB-9B34D2D381D9}.Debug|Any CPU.ActiveCfg = Debug|Any CPU
		{3076E7C2-0B51-408C-8EEB-9B34D2D381D9}.Debug|Any CPU.Build.0 = Debug|Any CPU
		{3076E7C2-0B51-408C-8EEB-9B34D2D381D9}.Release|Any CPU.ActiveCfg = Release|Any CPU
		{3076E7C2-0B51-408C-8EEB-9B34D2D381D9}.Release|Any CPU.Build.0 = Release|Any CPU
		{1521AB4A-AE42-4A64-BE05-D1D3220ED0DF}.Debug|Any CPU.ActiveCfg = Debug|Any CPU
		{1521AB4A-AE42-4A64-BE05-D1D3220ED0DF}.Debug|Any CPU.Build.0 = Debug|Any CPU
		{1521AB4A-AE42-4A64-BE05-D1D3220ED0DF}.Release|Any CPU.ActiveCfg = Release|Any CPU
		{1521AB4A-AE42-4A64-BE05-D1D3220ED0DF}.Release|Any CPU.Build.0 = Release|Any CPU
		{D7FD28DF-4518-4B45-BF5E-9249761834D1}.Debug|Any CPU.ActiveCfg = Debug|Any CPU
		{D7FD28DF-4518-4B45-BF5E-9249761834D1}.Debug|Any CPU.Build.0 = Debug|Any CPU
		{D7FD28DF-4518-4B45-BF5E-9249761834D1}.Release|Any CPU.ActiveCfg = Release|Any CPU
		{D7FD28DF-4518-4B45-BF5E-9249761834D1}.Release|Any CPU.Build.0 = Release|Any CPU
		{2EED4CBF-259A-4078-BD07-CA19C94D3BD2}.Debug|Any CPU.ActiveCfg = Debug|Any CPU
		{2EED4CBF-259A-4078-BD07-CA19C94D3BD2}.Debug|Any CPU.Build.0 = Debug|Any CPU
		{2EED4CBF-259A-4078-BD07-CA19C94D3BD2}.Release|Any CPU.ActiveCfg = Release|Any CPU
		{2EED4CBF-259A-4078-BD07-CA19C94D3BD2}.Release|Any CPU.Build.0 = Release|Any CPU
		{3E40DAB9-DED8-4C87-9E99-FBE2953896D9}.Debug|Any CPU.ActiveCfg = Debug|Any CPU
		{3E40DAB9-DED8-4C87-9E99-FBE2953896D9}.Debug|Any CPU.Build.0 = Debug|Any CPU
		{3E40DAB9-DED8-4C87-9E99-FBE2953896D9}.Release|Any CPU.ActiveCfg = Release|Any CPU
		{3E40DAB9-DED8-4C87-9E99-FBE2953896D9}.Release|Any CPU.Build.0 = Release|Any CPU
		{AC8CFED2-BDAD-4D24-91FD-249D801AFF7D}.Debug|Any CPU.ActiveCfg = Debug|Any CPU
		{AC8CFED2-BDAD-4D24-91FD-249D801AFF7D}.Debug|Any CPU.Build.0 = Debug|Any CPU
		{AC8CFED2-BDAD-4D24-91FD-249D801AFF7D}.Release|Any CPU.ActiveCfg = Release|Any CPU
		{AC8CFED2-BDAD-4D24-91FD-249D801AFF7D}.Release|Any CPU.Build.0 = Release|Any CPU
		{2AD9F12F-169F-41A5-86FD-A2A9899F352A}.Debug|Any CPU.ActiveCfg = Debug|Any CPU
		{2AD9F12F-169F-41A5-86FD-A2A9899F352A}.Debug|Any CPU.Build.0 = Debug|Any CPU
		{2AD9F12F-169F-41A5-86FD-A2A9899F352A}.Release|Any CPU.ActiveCfg = Release|Any CPU
		{2AD9F12F-169F-41A5-86FD-A2A9899F352A}.Release|Any CPU.Build.0 = Release|Any CPU
	EndGlobalSection
	GlobalSection(SolutionProperties) = preSolution
		HideSolutionNode = FALSE
	EndGlobalSection
	GlobalSection(NestedProjects) = preSolution
		{6354D390-A2D8-11E9-B192-BF893AD5538B} = {5E3E5610-A2D8-11E9-B192-BF893AD5538B}
		{5E3E5610-A2D8-11E9-B192-BF893AD5538B} = {E9B9C81C-38DE-40C3-AD3C-511889033DF0}
		{BE3D56FC-49BD-4429-9BB3-AE8194C7F4D4} = {E9B9C81C-38DE-40C3-AD3C-511889033DF0}
		{FF5E50C2-0F31-4958-9D2F-9F2E60642962} = {BE3D56FC-49BD-4429-9BB3-AE8194C7F4D4}
		{D14B7362-A9B1-4BC4-9D54-97D44668A5AE} = {FF5E50C2-0F31-4958-9D2F-9F2E60642962}
		{BBDFA915-CEFD-46E2-97E8-7F0CC0116F91} = {FF5E50C2-0F31-4958-9D2F-9F2E60642962}
		{B8869C44-90F0-4098-B0F8-ABA81034986C} = {FF5E50C2-0F31-4958-9D2F-9F2E60642962}
		{4973F13A-E89B-4F40-87CC-E3684B9BB7F8} = {FF5E50C2-0F31-4958-9D2F-9F2E60642962}
		{3076E7C2-0B51-408C-8EEB-9B34D2D381D9} = {FF5E50C2-0F31-4958-9D2F-9F2E60642962}
		{8A324580-89C0-42F9-9B95-8B6840A571EA} = {6354D390-A2D8-11E9-B192-BF893AD5538B}
		{90FE5E93-B106-40DE-84AE-97A36BDB2AD9} = {8A324580-89C0-42F9-9B95-8B6840A571EA}
		{AC87FF9F-8B98-4506-BCE7-473868077527} = {90FE5E93-B106-40DE-84AE-97A36BDB2AD9}
		{1521AB4A-AE42-4A64-BE05-D1D3220ED0DF} = {AC87FF9F-8B98-4506-BCE7-473868077527}
		{D7FD28DF-4518-4B45-BF5E-9249761834D1} = {AC87FF9F-8B98-4506-BCE7-473868077527}
		{2EED4CBF-259A-4078-BD07-CA19C94D3BD2} = {AC87FF9F-8B98-4506-BCE7-473868077527}
		{3E40DAB9-DED8-4C87-9E99-FBE2953896D9} = {AC87FF9F-8B98-4506-BCE7-473868077527}
		{AC8CFED2-BDAD-4D24-91FD-249D801AFF7D} = {AC87FF9F-8B98-4506-BCE7-473868077527}
		{2AD9F12F-169F-41A5-86FD-A2A9899F352A} = {AC87FF9F-8B98-4506-BCE7-473868077527}
	EndGlobalSection
	GlobalSection(ExtensibilityGlobals) = postSolution
		SolutionGuid = {82B55E13-A506-4816-AA81-737A125B4536}
	EndGlobalSection
EndGlobal
